github.com/davecgh/go-spew v1.1.1/go.mod h1:J7Y8YcW2NihsgmVo/mv3lAwl/skON4iLHjSsI+c5H38=
github.com/davecgh/go-spew v1.1.2-0.20180830191138-d8f796af33cc h1:U9qPSI2PIWSS1VwoXQT9A3Wy9MM3WgvqSxFWenqJduM=
github.com/davecgh/go-spew v1.1.2-0.20180830191138-d8f796af33cc/go.mod h1:J7Y8YcW2NihsgmVo/mv3lAwl/skON4iLHjSsI+c5H38=
github.com/gorilla/websocket v1.5.0 h1:PPwGk2jz7EePpoHN/+ClbZu8SPxiqlu12wZP/3sWmnc=
github.com/gorilla/websocket v1.5.0/go.mod h1:YR8l580nyteQvAITg2hZ9XVh4b55+EU/adAjf1fMHhE=
github.com/hashicorp/cronexpr v1.1.2 h1:wG/ZYIKT+RT3QkOdgYc+xsKWVRgnxJ1OJtjjy84fJ9A=
github.com/hashicorp/cronexpr v1.1.2/go.mod h1:P4wA0KBl9C5q2hABiMO7cp6jcIg96CDh1Efb3g1PWA4=
github.com/hashicorp/errwrap v1.0.0/go.mod h1:YH+1FKiLXxHSkmPseP+kNlulaMuP3n2brvKWEqk/Jc4=
github.com/hashicorp/errwrap v1.1.0 h1:OxrOeh75EUXMY8TBjag2fzXGZ40LB6IKw45YeGUDY2I=
github.com/hashicorp/errwrap v1.1.0/go.mod h1:YH+1FKiLXxHSkmPseP+kNlulaMuP3n2brvKWEqk/Jc4=
github.com/hashicorp/go-cleanhttp v0.5.2 h1:035FKYIWjmULyFRBKPs8TBQoi0x6d9G4xc9neXJWAZQ=
github.com/hashicorp/go-cleanhttp v0.5.2/go.mod h1:kO/YDlP8L1346E6Sodw+PrpBSV4/SoxCXGY6BqNFT48=
github.com/hashicorp/go-multierror v1.1.1 h1:H5DkEtf6CXdFp0N0Em5UCwQpXMWke8IA0+lD48awMYo=
github.com/hashicorp/go-multierror v1.1.1/go.mod h1:iw975J/qwKPdAO1clOe2L8331t/9/fmwbPZ6JB6eMoM=
github.com/hashicorp/go-rootcerts v1.0.2 h1:jzhAVGtqPKbwpyCPELlgNWhE1znq+qwJtW5Oi2viEzc=
github.com/hashicorp/go-rootcerts v1.0.2/go.mod h1:pqUvnprVnM5bf7AOirdbb01K4ccR319Vf4pU3K5EGc8=
github.com/hashicorp/hcl v1.0.1-vault-3 h1:V95v5KSTu6DB5huDSKiq4uAfILEuNigK/+qPET6H/Mg=
github.com/hashicorp/hcl v1.0.1-vault-3/go.mod h1:XYhtn6ijBSAj6n4YqAaf7RBPS4I06AItNorpy+MoQNM=
github.com/hashicorp/nomad v1.8.0 h1:c3IcPvq8olXNYevFm3aR3CujFwbU3969oU7HBMrCsSM=
github.com/hashicorp/nomad v1.8.0/go.mod h1:SAb/TiO6JskCFTxKfWJKeEqZ/iWsvzDzUgRk2X/eI3Y=
github.com/hashicorp/nomad v1.8.1 h1:WDVz8z0Szx9gfPNje+jIFqUZroJ4nXbWHSNcc0hzpe0=
github.com/hashicorp/nomad v1.8.1/go.mod h1:boe1jvdt70t0kCOAg0y4HDjW4ZWHLPvfMKz+cbeiTDg=
github.com/hashicorp/nomad v1.8.2 h1:jvYBhpWHWG5BLxIwJXKoJ0t5gd/orU4vVshiUT05N7Y=
github.com/hashicorp/nomad v1.8.2/go.mod h1:XJhArBXlxn2G/RgPO39qOvioFkRHq8salY9RpUcb64M=
github.com/hashicorp/nomad v1.8.3 h1:ekn8NfBRHdnmp7eleep/Sn35+VRIDQ2Fmks4XxR4vwE=
github.com/hashicorp/nomad v1.8.3/go.mod h1:vDJvrOHJUpO72maw42VuJyoua2pMBGOKeFvmkhps19s=
github.com/hashicorp/nomad v1.8.4 h1:73xflbm3c5D4RTV1EgvXJjuZ2TSAXULDFFcHz20sXZA=
github.com/hashicorp/nomad v1.8.4/go.mod h1:PNU4fJFK1iBlX12kpKtlUOZc4Lzc3DMB8RYP9QyZlWE=
github.com/hashicorp/nomad/api v0.0.0-20240607151221-a9332928974c h1:1LQfOCmUfo+J7KPfpPoFfv6qeRXMvc6IqV71nLN+wko=
github.com/hashicorp/nomad/api v0.0.0-20240607151221-a9332928974c/go.mod h1:svtxn6QnrQ69P23VvIWMR34tg3vmwLz4UdUzm1dSCgE=
github.com/hashicorp/nomad/api v0.0.0-20240624153520-bbdc8b7fa758 h1:zCwy94icHDtxYWqdCeJBBwFblJhHa/l2x0CA8m0K84g=
github.com/hashicorp/nomad/api v0.0.0-20240624153520-bbdc8b7fa758/go.mod h1:svtxn6QnrQ69P23VvIWMR34tg3vmwLz4UdUzm1dSCgE=
github.com/hashicorp/nomad/api v0.0.0-20240625204302-c5b7f6b3c5ae h1:Hdsew4Swu3tCyNW7DqCHHIRWoy15g9r+CYESfBNbC9s=
github.com/hashicorp/nomad/api v0.0.0-20240625204302-c5b7f6b3c5ae/go.mod h1:svtxn6QnrQ69P23VvIWMR34tg3vmwLz4UdUzm1dSCgE=
github.com/hashicorp/nomad/api v0.0.0-20240704210430-7cf63326322c h1:OliHzVtonb9vy6+BbnjX6jHxm1jOVJmVxsQEXB5aqv8=
github.com/hashicorp/nomad/api v0.0.0-20240704210430-7cf63326322c/go.mod h1:svtxn6QnrQ69P23VvIWMR34tg3vmwLz4UdUzm1dSCgE=
github.com/hashicorp/nomad/api v0.0.0-20240711185537-75722ef93ed3 h1:CsO/VLPDfKXB15FUxh8dsStAx0/PhJgPLKm7BU5psOI=
github.com/hashicorp/nomad/api v0.0.0-20240711185537-75722ef93ed3/go.mod h1:svtxn6QnrQ69P23VvIWMR34tg3vmwLz4UdUzm1dSCgE=
github.com/hashicorp/nomad/api v0.0.0-20240712060427-fa8ffedd746a h1:43iImOlKhs3rA3uGwO/B7bqt5AGXmoT5Z0T92KRTJ5w=
github.com/hashicorp/nomad/api v0.0.0-20240712060427-fa8ffedd746a/go.mod h1:svtxn6QnrQ69P23VvIWMR34tg3vmwLz4UdUzm1dSCgE=
github.com/hashicorp/nomad/api v0.0.0-20240722190319-7a2c70e3f6a8 h1:QVkKIPE/uE2PUMaclp8wUjzR5LRXZQEdVF2LMvPeStE=
github.com/hashicorp/nomad/api v0.0.0-20240722190319-7a2c70e3f6a8/go.mod h1:svtxn6QnrQ69P23VvIWMR34tg3vmwLz4UdUzm1dSCgE=
github.com/hashicorp/nomad/api v0.0.0-20240724131803-92d216f3b8c4 h1:64LxJG40F+uZh8AMXfMGqORE8eyLD6br+mqwbtFif8Q=
github.com/hashicorp/nomad/api v0.0.0-20240724131803-92d216f3b8c4/go.mod h1:svtxn6QnrQ69P23VvIWMR34tg3vmwLz4UdUzm1dSCgE=
github.com/hashicorp/nomad/api v0.0.0-20240730163956-8ce942b5b3e8 h1:gcEV9QoF5dG0pomZ6V7MDVvrkYpf1nuw9DP8JnyenVU=
github.com/hashicorp/nomad/api v0.0.0-20240730163956-8ce942b5b3e8/go.mod h1:svtxn6QnrQ69P23VvIWMR34tg3vmwLz4UdUzm1dSCgE=
github.com/hashicorp/nomad/api v0.0.0-20240801185634-0c01b2d4e499 h1:NX2uose0/MhX4nN6LEuS54KqnYzIaL4nj8/IvAmVwhc=
github.com/hashicorp/nomad/api v0.0.0-20240801185634-0c01b2d4e499/go.mod h1:svtxn6QnrQ69P23VvIWMR34tg3vmwLz4UdUzm1dSCgE=
github.com/hashicorp/nomad/api v0.0.0-20240802131543-cfce3e56beaf h1:/twr+miOE5Sp7coH4ExElYlCWtt1mVTpxWldO1D7jf4=
github.com/hashicorp/nomad/api v0.0.0-20240802131543-cfce3e56beaf/go.mod h1:svtxn6QnrQ69P23VvIWMR34tg3vmwLz4UdUzm1dSCgE=
github.com/hashicorp/nomad/api v0.0.0-20240805202327-0f7b8698ec70 h1:njXKWrZPywsJJ/+Vh+qFIPoWU8tS8AqgjbITTMG3D+o=
github.com/hashicorp/nomad/api v0.0.0-20240805202327-0f7b8698ec70/go.mod h1:svtxn6QnrQ69P23VvIWMR34tg3vmwLz4UdUzm1dSCgE=
github.com/hashicorp/nomad/api v0.0.0-20240806184746-021692eccf9b h1:O12qsaVXWsZCy6NUGKzoY8aZVGCSwbS/+YSttoRGmrY=
github.com/hashicorp/nomad/api v0.0.0-20240806184746-021692eccf9b/go.mod h1:svtxn6QnrQ69P23VvIWMR34tg3vmwLz4UdUzm1dSCgE=
github.com/hashicorp/nomad/api v0.0.0-20240807192620-bcb0ee30314c h1:nfesPIx2IvEEuDo7d8YFApbf5AdN6Alhj6uiXYXXx1c=
github.com/hashicorp/nomad/api v0.0.0-20240807192620-bcb0ee30314c/go.mod h1:svtxn6QnrQ69P23VvIWMR34tg3vmwLz4UdUzm1dSCgE=
github.com/hashicorp/nomad/api v0.0.0-20240808193526-2e5d6192a7d5 h1:uO/SdpMIvOHY+P0wr+d0G2WY+R5IvJ0HA4+TTGu3OEA=
github.com/hashicorp/nomad/api v0.0.0-20240808193526-2e5d6192a7d5/go.mod h1:svtxn6QnrQ69P23VvIWMR34tg3vmwLz4UdUzm1dSCgE=
github.com/hashicorp/nomad/api v0.0.0-20240809172804-b7419bc94015 h1:Z/unZ1XC4/fZgo51gQxZpTJRKcwC65aD/2MxDUZvKYU=
github.com/hashicorp/nomad/api v0.0.0-20240809172804-b7419bc94015/go.mod h1:svtxn6QnrQ69P23VvIWMR34tg3vmwLz4UdUzm1dSCgE=
github.com/hashicorp/nomad/api v0.0.0-20240813155321-c1362c03df47 h1:pmSa9ru1T0FOQfNMsCPC+wfYBQatDSraqWSu4fHFGGU=
github.com/hashicorp/nomad/api v0.0.0-20240813155321-c1362c03df47/go.mod h1:svtxn6QnrQ69P23VvIWMR34tg3vmwLz4UdUzm1dSCgE=
github.com/hashicorp/nomad/api v0.0.0-20240814205821-682c8c0c8123 h1:eMQ7SCIyFv1opFPrXoIJlMVPQ19VE9rqLVELWgouXyo=
github.com/hashicorp/nomad/api v0.0.0-20240814205821-682c8c0c8123/go.mod h1:svtxn6QnrQ69P23VvIWMR34tg3vmwLz4UdUzm1dSCgE=
github.com/hashicorp/nomad/api v0.0.0-20240815163127-0bc9796d3b89 h1:Fsi1p5yk7WAL5JOnDqUTiWUUR2E1zkFxrONhJRduIvo=
github.com/hashicorp/nomad/api v0.0.0-20240815163127-0bc9796d3b89/go.mod h1:svtxn6QnrQ69P23VvIWMR34tg3vmwLz4UdUzm1dSCgE=
github.com/hashicorp/nomad/api v0.0.0-20240819174519-5fcec1f8cc6a h1:qHgEZ5I7uWqt6mPXJzHaQIuN0tqWPmAQ4tClC4Kgjp4=
github.com/hashicorp/nomad/api v0.0.0-20240819174519-5fcec1f8cc6a/go.mod h1:svtxn6QnrQ69P23VvIWMR34tg3vmwLz4UdUzm1dSCgE=
github.com/hashicorp/nomad/api v0.0.0-20240829164535-670093730314 h1:7FUZru9HYDf9W+6lrDnwSWeOs9hZ8vF9vHjWFQNg25c=
github.com/hashicorp/nomad/api v0.0.0-20240829164535-670093730314/go.mod h1:svtxn6QnrQ69P23VvIWMR34tg3vmwLz4UdUzm1dSCgE=
github.com/hashicorp/nomad/api v0.0.0-20240913175921-51caca1a854b h1:CZGa8mog9tvLeKKsX7c2iysx0NnGC2cGfH/jUxAk2VY=
github.com/hashicorp/nomad/api v0.0.0-20240913175921-51caca1a854b/go.mod h1:svtxn6QnrQ69P23VvIWMR34tg3vmwLz4UdUzm1dSCgE=
github.com/hashicorp/nomad/api v0.0.0-20240916184010-51215bf102d9 h1:VNpk9ukBqeKt5HPG48stJif8y83b5vtWuKWr3yneA9Y=
github.com/hashicorp/nomad/api v0.0.0-20240916184010-51215bf102d9/go.mod h1:svtxn6QnrQ69P23VvIWMR34tg3vmwLz4UdUzm1dSCgE=
github.com/hashicorp/nomad/api v0.0.0-20240917210148-ec81e7c57c11 h1:Ic0KEo1Xbdz++J1fIj1gr7Vyf394udTJ0c3bicg4oJE=
github.com/hashicorp/nomad/api v0.0.0-20240917210148-ec81e7c57c11/go.mod h1:svtxn6QnrQ69P23VvIWMR34tg3vmwLz4UdUzm1dSCgE=
github.com/hashicorp/nomad/api v0.0.0-20241004190713-4562b9ac8a03 h1:uivYWJdkCBGTifD65VqnAxm11B3I6nOo4u8cA39aIhU=
github.com/hashicorp/nomad/api v0.0.0-20241004190713-4562b9ac8a03/go.mod h1:svtxn6QnrQ69P23VvIWMR34tg3vmwLz4UdUzm1dSCgE=
github.com/hashicorp/nomad/api v0.0.0-20241011173632-c839f38cab03 h1:lDn+Ktln82KhsHxHIMVOOdcB3tUBrhdw9ksZcHzIovg=
github.com/hashicorp/nomad/api v0.0.0-20241011173632-c839f38cab03/go.mod h1:svtxn6QnrQ69P23VvIWMR34tg3vmwLz4UdUzm1dSCgE=
github.com/hashicorp/nomad/api v0.0.0-20241016200454-f9cbaaf6c7e1 h1:19kElCFE9OSS2r68+6TMBHlYe/dqD7Ml1h72+LOktJs=
github.com/hashicorp/nomad/api v0.0.0-20241016200454-f9cbaaf6c7e1/go.mod h1:svtxn6QnrQ69P23VvIWMR34tg3vmwLz4UdUzm1dSCgE=
github.com/mitchellh/go-homedir v1.1.0 h1:lukF9ziXFxDFPkA1vsr5zpc1XuPDn/wFntq5mG+4E0Y=
github.com/mitchellh/go-homedir v1.1.0/go.mod h1:SfyaCUpYCn1Vlf4IUYiD9fPX4A5wJrkLzIz1N1q0pr0=
github.com/mitchellh/mapstructure v1.5.0 h1:jeMsZIYE/09sWLaz43PL7Gy6RuMjD2eJVyuac5Z2hdY=
github.com/mitchellh/mapstructure v1.5.0/go.mod h1:bFUtVrKA4DC2yAKiSyO/QUcy7e+RRV2QTWOzhPopBRo=
github.com/pmezard/go-difflib v1.0.1-0.20181226105442-5d4384ee4fb2 h1:Jamvg5psRIccs7FGNTlIRMkT8wgtp5eCXdBlqhYGL6U=
github.com/pmezard/go-difflib v1.0.1-0.20181226105442-5d4384ee4fb2/go.mod h1:iKH77koFhYxTK1pcRnkKkqfTogsbg7gZNVY4sRDYZ/4=
github.com/stretchr/testify v1.9.0 h1:HtqpIVDClZ4nwg75+f6Lvsy/wHu+3BoSGCbBAcpTsTg=
github.com/stretchr/testify v1.9.0/go.mod h1:r2ic/lqez/lEtzL7wO/rwa5dbSLXVDPFyf8C91i36aY=
gopkg.in/check.v1 v0.0.0-20161208181325-20d25e280405/go.mod h1:Co6ibVJAznAaIkqp8huTwlJQCZ016jof/cbN4VW5Yz0=
gopkg.in/yaml.v3 v3.0.1 h1:fxVm/GzAzEWqLHuvctI91KS9hhNmmWOoWu0XTYJS7CA=
gopkg.in/yaml.v3 v3.0.1/go.mod h1:K4uyk7z7BCEPqu6E+C64Yfv1cQ7kz7rIZviUmN+EgEM=
