github.com/armon/go-metrics v0.4.1 h1:hR91U9KYmb6bLBYLQjyM+3j+rcd/UhE+G78SFnF8gJA=
github.com/davecgh/go-spew v1.1.1 h1:vj9j/u1bqnvCEfJOwUhtlOARqs3+rkHYY13jYWTU97c=
github.com/davecgh/go-spew v1.1.1/go.mod h1:J7Y8YcW2NihsgmVo/mv3lAwl/skON4iLHjSsI+c5H38=
github.com/docker/go-units v0.5.0 h1:69rxXcBk27SvSaaxTtLh/8llcHD8vYHT7WSdRZ/jvr4=
github.com/fatih/color v1.13.0 h1:8LOYc1KYPPmyKMuN8QV2DNRWNbLo6LZ0iLs8+mlH53w=
github.com/felixge/httpsnoop v1.0.3 h1:s/nj+GCswXYzN5v2DpNMuMQYe+0DDwt5WVCU6CWBdXk=
github.com/google/go-cmp v0.5.9 h1:O2Tfq5qg4qc4AmwVlvv0oLiVAGB7enBSJ2x2DqQFi38=
github.com/gorilla/websocket v1.5.0 h1:PPwGk2jz7EePpoHN/+ClbZu8SPxiqlu12wZP/3sWmnc=
github.com/gorilla/websocket v1.5.0/go.mod h1:YR8l580nyteQvAITg2hZ9XVh4b55+EU/adAjf1fMHhE=
github.com/hashicorp/consul/api v1.18.0 h1:R7PPNzTCeN6VuQNDwwhZWJvzCtGSrNpJqfb22h3yH9g=
github.com/hashicorp/cronexpr v1.1.2 h1:wG/ZYIKT+RT3QkOdgYc+xsKWVRgnxJ1OJtjjy84fJ9A=
github.com/hashicorp/cronexpr v1.1.2/go.mod h1:P4wA0KBl9C5q2hABiMO7cp6jcIg96CDh1Efb3g1PWA4=
github.com/hashicorp/errwrap v1.0.0/go.mod h1:YH+1FKiLXxHSkmPseP+kNlulaMuP3n2brvKWEqk/Jc4=
github.com/hashicorp/errwrap v1.1.0 h1:OxrOeh75EUXMY8TBjag2fzXGZ40LB6IKw45YeGUDY2I=
github.com/hashicorp/errwrap v1.1.0/go.mod h1:YH+1FKiLXxHSkmPseP+kNlulaMuP3n2brvKWEqk/Jc4=
github.com/hashicorp/go-cleanhttp v0.5.2 h1:035FKYIWjmULyFRBKPs8TBQoi0x6d9G4xc9neXJWAZQ=
github.com/hashicorp/go-cleanhttp v0.5.2/go.mod h1:kO/YDlP8L1346E6Sodw+PrpBSV4/SoxCXGY6BqNFT48=
github.com/hashicorp/go-hclog v1.4.0 h1:ctuWFGrhFha8BnnzxqeRGidlEcQkDyL5u8J8t5eA11I=
github.com/hashicorp/go-immutable-radix v1.3.1 h1:DKHmCUm2hRBK510BaiZlwvpD40f8bJFeZnpfm2KLowc=
github.com/hashicorp/go-multierror v1.1.1 h1:H5DkEtf6CXdFp0N0Em5UCwQpXMWke8IA0+lD48awMYo=
github.com/hashicorp/go-multierror v1.1.1/go.mod h1:iw975J/qwKPdAO1clOe2L8331t/9/fmwbPZ6JB6eMoM=
github.com/hashicorp/go-rootcerts v1.0.2 h1:jzhAVGtqPKbwpyCPELlgNWhE1znq+qwJtW5Oi2viEzc=
github.com/hashicorp/go-rootcerts v1.0.2/go.mod h1:pqUvnprVnM5bf7AOirdbb01K4ccR319Vf4pU3K5EGc8=
github.com/hashicorp/golang-lru v0.5.4 h1:YDjusn29QI/Das2iO9M0BHnIbxPeyuCHsjMW+lJfyTc=
github.com/hashicorp/hcl v1.0.1-vault-3 h1:V95v5KSTu6DB5huDSKiq4uAfILEuNigK/+qPET6H/Mg=
github.com/hashicorp/hcl v1.0.1-vault-3/go.mod h1:XYhtn6ijBSAj6n4YqAaf7RBPS4I06AItNorpy+MoQNM=
github.com/hashicorp/nomad v1.5.6 h1:TMjiou3pfoQH2dEvVisDR+1Uvru8VYnNpnAn5G0lhfU=
github.com/hashicorp/nomad v1.5.6/go.mod h1:gSZAlBUiFy02CQGkniMGOEHCBz92M4DwW2rUEBOoe2c=
github.com/hashicorp/nomad v1.6.0 h1:HFR2+jfBN2LASqV+qP+p0Uzsxq3WobsO6y886cmZeSo=
github.com/hashicorp/nomad v1.6.0/go.mod h1:QGS113yr5cSkixiYcp5zO1ojJkHgzVfg49Rto1LVGi4=
github.com/hashicorp/nomad v1.6.1 h1:HHW3az3BqblxnuD+pkhKXTlMdc1HIalzbWhvr9pB5Ko=
github.com/hashicorp/nomad v1.6.1/go.mod h1:QGS113yr5cSkixiYcp5zO1ojJkHgzVfg49Rto1LVGi4=
github.com/hashicorp/nomad v1.6.2 h1:7weYUl9zqP7S32RWQNJFpqNS1FjJClJUY7+HnfFWTe8=
github.com/hashicorp/nomad v1.6.2/go.mod h1:+3qVd8Gv7prncAasOCU3StGpDejqR0Wb7vX5vnTgyXs=
github.com/hashicorp/nomad v1.6.3 h1:M22raG/TH11N5XNRd/uQn64R/oeqQkwvQ/fvpoCvRCQ=
github.com/hashicorp/nomad v1.6.3/go.mod h1:B1H0umrJZPs5dBqjwMKmBkjKpsH9HhMOW6S8rnpXu44=
github.com/hashicorp/nomad/api v0.0.0-20230711214114-8253ec86a21e h1:Hh1tNGemctn1MhnDHYwnFR8fHS1sVIuRQk7Qfgxmhn8=
github.com/hashicorp/nomad/api v0.0.0-20230711214114-8253ec86a21e/go.mod h1:O23qLAZuCx4htdY9zBaO4cJPXgleSFEdq6D/sezGgYE=
github.com/hashicorp/nomad/api v0.0.0-20230712150243-74335b3bfe48 h1:G+LWYon2Dho8gqITvcWlowEsfX+YRskp7ScsdRsBkig=
github.com/hashicorp/nomad/api v0.0.0-20230712150243-74335b3bfe48/go.mod h1:O23qLAZuCx4htdY9zBaO4cJPXgleSFEdq6D/sezGgYE=
github.com/hashicorp/nomad/api v0.0.0-20230712205922-437941816c6b h1:SIKfXtx4onnqOkvS28pBvyt2WENK8Cy00RVNJmeT4yA=
github.com/hashicorp/nomad/api v0.0.0-20230712205922-437941816c6b/go.mod h1:O23qLAZuCx4htdY9zBaO4cJPXgleSFEdq6D/sezGgYE=
github.com/hashicorp/nomad/api v0.0.0-20230713222540-e53955bccc0c h1:IKS2sTRmJ8L2h/Bq4iDAy70CEHEwSSdbDPFzCE1rdYw=
github.com/hashicorp/nomad/api v0.0.0-20230713222540-e53955bccc0c/go.mod h1:O23qLAZuCx4htdY9zBaO4cJPXgleSFEdq6D/sezGgYE=
github.com/hashicorp/nomad/api v0.0.0-20230714175125-1e7726ce93d9 h1:Pb4M7AiV17fHGfDn/STt6FLUWeYgZL6L0InMqofcV9k=
github.com/hashicorp/nomad/api v0.0.0-20230714175125-1e7726ce93d9/go.mod h1:O23qLAZuCx4htdY9zBaO4cJPXgleSFEdq6D/sezGgYE=
github.com/hashicorp/nomad/api v0.0.0-20230718173136-3a687930bd3e h1:sr4lujmn9heD030xx/Pd4B/JSmvRhFzuotNXaaV0WLs=
github.com/hashicorp/nomad/api v0.0.0-20230718173136-3a687930bd3e/go.mod h1:O23qLAZuCx4htdY9zBaO4cJPXgleSFEdq6D/sezGgYE=
github.com/hashicorp/nomad/api v0.0.0-20230719205936-8d2894699319 h1:o7qzfGTTqk9QlCDQnvcrOe6sNltH4NbcgyWD7aXK2Uw=
github.com/hashicorp/nomad/api v0.0.0-20230719205936-8d2894699319/go.mod h1:O23qLAZuCx4htdY9zBaO4cJPXgleSFEdq6D/sezGgYE=
github.com/hashicorp/nomad/api v0.0.0-20230720200451-f8b9b5c387df h1:N3nn4utS7roSZIXm1iL2EU4Cy+n9TzsD+W7C5GjedPU=
github.com/hashicorp/nomad/api v0.0.0-20230720200451-f8b9b5c387df/go.mod h1:O23qLAZuCx4htdY9zBaO4cJPXgleSFEdq6D/sezGgYE=
github.com/hashicorp/nomad/api v0.0.0-20230721175500-b9a388f5df54 h1:mGoE1LTRn+d2Hbo6NIUqL0JUhOE22u4+CZ9Mb9rrNnI=
github.com/hashicorp/nomad/api v0.0.0-20230721175500-b9a388f5df54/go.mod h1:O23qLAZuCx4htdY9zBaO4cJPXgleSFEdq6D/sezGgYE=
github.com/hashicorp/nomad/api v0.0.0-20230724182529-937d927af7e7 h1:MZDpFxWL8wU2651H+Mads77aIViIWRTa28c9HMLx47k=
github.com/hashicorp/nomad/api v0.0.0-20230724182529-937d927af7e7/go.mod h1:O23qLAZuCx4htdY9zBaO4cJPXgleSFEdq6D/sezGgYE=
github.com/hashicorp/nomad/api v0.0.0-20230728142259-ee31916c3b33 h1:LOn/GxxXEBXwNgNX4eTgbj7QJw6BRAnYz9wci664xq4=
github.com/hashicorp/nomad/api v0.0.0-20230728142259-ee31916c3b33/go.mod h1:O23qLAZuCx4htdY9zBaO4cJPXgleSFEdq6D/sezGgYE=
github.com/hashicorp/nomad/api v0.0.0-20230728154957-b17c0f7ff9fe h1:t6NEjsrKx/Wr43YUUGrof+iHXI63dYxqJLpqXC9+u1A=
github.com/hashicorp/nomad/api v0.0.0-20230728154957-b17c0f7ff9fe/go.mod h1:O23qLAZuCx4htdY9zBaO4cJPXgleSFEdq6D/sezGgYE=
github.com/hashicorp/nomad/api v0.0.0-20230728185332-9e98d694a623 h1:u9kWBpZOreblh4GylPCofJ0WZSbvHzH+CXD23p8HCcA=
github.com/hashicorp/nomad/api v0.0.0-20230728185332-9e98d694a623/go.mod h1:O23qLAZuCx4htdY9zBaO4cJPXgleSFEdq6D/sezGgYE=
github.com/hashicorp/nomad/api v0.0.0-20230731195722-511cb5563328 h1:buJdUGGH2o6ipxbvFsQHaSmVHN0h7AjMAuCOrlXP6DA=
github.com/hashicorp/nomad/api v0.0.0-20230731195722-511cb5563328/go.mod h1:O23qLAZuCx4htdY9zBaO4cJPXgleSFEdq6D/sezGgYE=
github.com/hashicorp/nomad/api v0.0.0-20230801155017-585b0533c074 h1:S1fFCBTm3YK4/R1GJoaAT1NBMnH4oVZ6ywEuGLZFD3g=
github.com/hashicorp/nomad/api v0.0.0-20230801155017-585b0533c074/go.mod h1:J+M19gJosbl2mCgGC+zsfuOoVU8UpqeTzjYUMqlUZRc=
github.com/hashicorp/nomad/api v0.0.0-20230802155145-2fd508d4f12f h1:zfGtmWFqx1+vzTbxQD+PE07ZXD1/NmVhgQGeQerPxCE=
github.com/hashicorp/nomad/api v0.0.0-20230802155145-2fd508d4f12f/go.mod h1:J+M19gJosbl2mCgGC+zsfuOoVU8UpqeTzjYUMqlUZRc=
github.com/hashicorp/nomad/api v0.0.0-20230803144350-9707aafc5b47 h1:fJRfxuGMv8v4AOkuqmdDdbJkJJgrtsnPfDQjCSPqMxk=
github.com/hashicorp/nomad/api v0.0.0-20230803144350-9707aafc5b47/go.mod h1:J+M19gJosbl2mCgGC+zsfuOoVU8UpqeTzjYUMqlUZRc=
github.com/hashicorp/nomad/api v0.0.0-20230803200553-902f640c8061 h1:Ov9aKbqfWcCIcoWTYtOs0OFz0LZdy2N90K90ASxUhBA=
github.com/hashicorp/nomad/api v0.0.0-20230803200553-902f640c8061/go.mod h1:J+M19gJosbl2mCgGC+zsfuOoVU8UpqeTzjYUMqlUZRc=
github.com/hashicorp/nomad/api v0.0.0-20230804093607-388198abef93 h1:KnQXloDdxyQZdtkdybz8DTgTDovllcHf0GSOHDPK8iU=
github.com/hashicorp/nomad/api v0.0.0-20230804093607-388198abef93/go.mod h1:J+M19gJosbl2mCgGC+zsfuOoVU8UpqeTzjYUMqlUZRc=
github.com/hashicorp/nomad/api v0.0.0-20230807184740-472693d64297 h1:5aZHU23cJVOeY5No+VFDiDbIlT+7wSkt1kJtFD/PeVA=
github.com/hashicorp/nomad/api v0.0.0-20230807184740-472693d64297/go.mod h1:J+M19gJosbl2mCgGC+zsfuOoVU8UpqeTzjYUMqlUZRc=
github.com/hashicorp/nomad/api v0.0.0-20230808123342-acfb4e679a35 h1:R3b4inlNK3q3b1WCWmKWlWiCiC2QlHLHR15R7aADu2o=
github.com/hashicorp/nomad/api v0.0.0-20230808123342-acfb4e679a35/go.mod h1:J+M19gJosbl2mCgGC+zsfuOoVU8UpqeTzjYUMqlUZRc=
github.com/hashicorp/nomad/api v0.0.0-20230809180939-74f4381cb33c h1:Kn/dPrBIyUW125y91Qvy0Ab/Iw6DbaazQskMeBVgZDA=
github.com/hashicorp/nomad/api v0.0.0-20230809180939-74f4381cb33c/go.mod h1:J+M19gJosbl2mCgGC+zsfuOoVU8UpqeTzjYUMqlUZRc=
github.com/hashicorp/nomad/api v0.0.0-20230810225513-0ef5636d6e91 h1:FANNJFog5cYnpk0QX+ltlUBZKv50ILfU84oeoRyGb3o=
github.com/hashicorp/nomad/api v0.0.0-20230810225513-0ef5636d6e91/go.mod h1:J+M19gJosbl2mCgGC+zsfuOoVU8UpqeTzjYUMqlUZRc=
github.com/hashicorp/nomad/api v0.0.0-20230814142129-3c7a44daeaac h1:j1bddS7NhjyQbInatHRARLeUjZ0+YvXfWvD5rWw3umw=
github.com/hashicorp/nomad/api v0.0.0-20230814142129-3c7a44daeaac/go.mod h1:glQSmiY2VCQDT0MBiWKr5YDU9PpwVNOcrovlDczoKoI=
github.com/hashicorp/nomad/api v0.0.0-20230814201725-ac8604ede9d2 h1:+HopRKPEvg9e88yRG3CejBdoYBi0hCIYCKy4iQNGCBk=
github.com/hashicorp/nomad/api v0.0.0-20230814201725-ac8604ede9d2/go.mod h1:glQSmiY2VCQDT0MBiWKr5YDU9PpwVNOcrovlDczoKoI=
github.com/hashicorp/nomad/api v0.0.0-20230815210054-6fca4fa715fc h1:6ICZiMof/cIctII+CbvmGXq4TBh44j4FX29zPCqjNTE=
github.com/hashicorp/nomad/api v0.0.0-20230815210054-6fca4fa715fc/go.mod h1:glQSmiY2VCQDT0MBiWKr5YDU9PpwVNOcrovlDczoKoI=
github.com/hashicorp/nomad/api v0.0.0-20230816212255-e21ab7d948b9 h1:LW0KNc9E5UpsdiIXfy+eG5eCyozKGGdJhPnTrErnzeU=
github.com/hashicorp/nomad/api v0.0.0-20230816212255-e21ab7d948b9/go.mod h1:glQSmiY2VCQDT0MBiWKr5YDU9PpwVNOcrovlDczoKoI=
github.com/hashicorp/nomad/api v0.0.0-20230817124531-53ef6391a566 h1:BeZ0k5DdjXIeVn1zA4G2FA96ByELsVLBhIXT3APvx/o=
github.com/hashicorp/nomad/api v0.0.0-20230817124531-53ef6391a566/go.mod h1:glQSmiY2VCQDT0MBiWKr5YDU9PpwVNOcrovlDczoKoI=
github.com/hashicorp/nomad/api v0.0.0-20230817150138-52f0bd46309a h1:AlIc5r2KDVLoE5o5+0PNpF8AWKRoB8DUdmxukib9fus=
github.com/hashicorp/nomad/api v0.0.0-20230817150138-52f0bd46309a/go.mod h1:glQSmiY2VCQDT0MBiWKr5YDU9PpwVNOcrovlDczoKoI=
github.com/hashicorp/nomad/api v0.0.0-20230817181032-74b796e6d051 h1:UzsiaxKTzLEnoDkXO4z8rif2zEILbTLHbx4y8Y4e/Fg=
github.com/hashicorp/nomad/api v0.0.0-20230817181032-74b796e6d051/go.mod h1:glQSmiY2VCQDT0MBiWKr5YDU9PpwVNOcrovlDczoKoI=
github.com/hashicorp/nomad/api v0.0.0-20230818131815-30a9b6eda74e h1:gUYXhThZ3NXdrs7IMIniTVoY2n+1N0Y8+32a24WK4wc=
github.com/hashicorp/nomad/api v0.0.0-20230818131815-30a9b6eda74e/go.mod h1:glQSmiY2VCQDT0MBiWKr5YDU9PpwVNOcrovlDczoKoI=
github.com/hashicorp/nomad/api v0.0.0-20230818214323-1e9ccc3ed89a h1:WAdk8ymEOcyLHR8bggfjLVd7fogmPwK1rONEXjGcIRU=
github.com/hashicorp/nomad/api v0.0.0-20230818214323-1e9ccc3ed89a/go.mod h1:glQSmiY2VCQDT0MBiWKr5YDU9PpwVNOcrovlDczoKoI=
github.com/hashicorp/nomad/api v0.0.0-20230825225458-f25480c9e929 h1:UOXNi5vmkWB+l0ZIuF8tk4J3O+YhGdNFoJe6oj895DM=
github.com/hashicorp/nomad/api v0.0.0-20230825225458-f25480c9e929/go.mod h1:glQSmiY2VCQDT0MBiWKr5YDU9PpwVNOcrovlDczoKoI=
github.com/hashicorp/nomad/api v0.0.0-20230828231506-d0a93f12d1ec h1:NZ47wod5IA8XLbxPJ9mFjKPJL58+tuL1k0fyoga52yA=
github.com/hashicorp/nomad/api v0.0.0-20230828231506-d0a93f12d1ec/go.mod h1:glQSmiY2VCQDT0MBiWKr5YDU9PpwVNOcrovlDczoKoI=
github.com/hashicorp/nomad/api v0.0.0-20230901144200-b614ef3b01c3 h1:7+NC30N949dHsRFtuf10abZtWfkfL6OeE6vHtaKQ3UE=
github.com/hashicorp/nomad/api v0.0.0-20230901144200-b614ef3b01c3/go.mod h1:glQSmiY2VCQDT0MBiWKr5YDU9PpwVNOcrovlDczoKoI=
github.com/hashicorp/nomad/api v0.0.0-20230904103155-290a310544f7 h1:J82iNhXH6IwwK2LO8GIO2G5htMNvuPuUT7TDHJu642Y=
github.com/hashicorp/nomad/api v0.0.0-20230904103155-290a310544f7/go.mod h1:glQSmiY2VCQDT0MBiWKr5YDU9PpwVNOcrovlDczoKoI=
github.com/hashicorp/nomad/api v0.0.0-20230905185536-2fffb9660468 h1:mbtUXbvEJ1xCLjKAI0qlwK2zqprqc//SgicLDmeesXQ=
github.com/hashicorp/nomad/api v0.0.0-20230905185536-2fffb9660468/go.mod h1:glQSmiY2VCQDT0MBiWKr5YDU9PpwVNOcrovlDczoKoI=
github.com/hashicorp/nomad/api v0.0.0-20230906161152-c28cd59655b8 h1:n0m02pXY+FOy2uRaRpZOONNdQUDhYq4gkLboxoJDQZg=
github.com/hashicorp/nomad/api v0.0.0-20230906161152-c28cd59655b8/go.mod h1:glQSmiY2VCQDT0MBiWKr5YDU9PpwVNOcrovlDczoKoI=
github.com/hashicorp/nomad/api v0.0.0-20230907180535-a8e68e647936 h1:pCFyUeUt7F0g2ifEEUmd6Gnh5mN/uJGeOgClyZGW5no=
github.com/hashicorp/nomad/api v0.0.0-20230907180535-a8e68e647936/go.mod h1:glQSmiY2VCQDT0MBiWKr5YDU9PpwVNOcrovlDczoKoI=
github.com/hashicorp/nomad/api v0.0.0-20230908215034-ef24e40b392c h1:PZNLxgWJC8vJpHgOPUPJpvQ+xBqt8VvxTkOU/9QPxdI=
github.com/hashicorp/nomad/api v0.0.0-20230908215034-ef24e40b392c/go.mod h1:glQSmiY2VCQDT0MBiWKr5YDU9PpwVNOcrovlDczoKoI=
github.com/hashicorp/nomad/api v0.0.0-20230911172632-a51d46c65cac h1:G3ltQtTcY4UuPjw0AC1R0hcg1grktBPZQEwp17FCn4c=
github.com/hashicorp/nomad/api v0.0.0-20230911172632-a51d46c65cac/go.mod h1:glQSmiY2VCQDT0MBiWKr5YDU9PpwVNOcrovlDczoKoI=
github.com/hashicorp/nomad/api v0.0.0-20230913205834-da7525d9f734 h1:OD0XfVX/UUyhP10wfffmbi0x6AJnTl/pcpuz+Ovn7LE=
github.com/hashicorp/nomad/api v0.0.0-20230913205834-da7525d9f734/go.mod h1:glQSmiY2VCQDT0MBiWKr5YDU9PpwVNOcrovlDczoKoI=
github.com/hashicorp/nomad/api v0.0.0-20230919183501-fdc6c2151d65 h1:vD1rbuTkLNkqOVlUA0NvM9tweVzjoq8tUX5zr9uUURE=
github.com/hashicorp/nomad/api v0.0.0-20230919183501-fdc6c2151d65/go.mod h1:glQSmiY2VCQDT0MBiWKr5YDU9PpwVNOcrovlDczoKoI=
github.com/hashicorp/nomad/api v0.0.0-20230921210353-7bd5c6e84eef h1:ud1d0rGK9Nlciqw+Oc5hwWs0P9K9FQBaH6IIDNoebMk=
github.com/hashicorp/nomad/api v0.0.0-20230921210353-7bd5c6e84eef/go.mod h1:glQSmiY2VCQDT0MBiWKr5YDU9PpwVNOcrovlDczoKoI=
github.com/hashicorp/nomad/api v0.0.0-20230922145839-20eadc7b296c h1:490JV2SypUJ/nvtjxSdDXy6voQ9pv8BK6fwG5gJ7nMg=
github.com/hashicorp/nomad/api v0.0.0-20230922145839-20eadc7b296c/go.mod h1:glQSmiY2VCQDT0MBiWKr5YDU9PpwVNOcrovlDczoKoI=
github.com/hashicorp/nomad/api v0.0.0-20230926090454-20f6ec75ef06 h1:RKV+MVOXQbvD2N3a1PAv6d3lzgLERc3X/DuK0EyVg18=
github.com/hashicorp/nomad/api v0.0.0-20230926090454-20f6ec75ef06/go.mod h1:glQSmiY2VCQDT0MBiWKr5YDU9PpwVNOcrovlDczoKoI=
github.com/hashicorp/nomad/api v0.0.0-20230926221132-124272c050d6 h1:V+R/4K13Gcoca2b1A+pZOoFdI5sMVfAbE6j0sac/NGM=
github.com/hashicorp/nomad/api v0.0.0-20230926221132-124272c050d6/go.mod h1:glQSmiY2VCQDT0MBiWKr5YDU9PpwVNOcrovlDczoKoI=
github.com/hashicorp/nomad/api v0.0.0-20230928210230-a4b29a29cb98 h1:H42oaHwrjWqqHSoiErIZ3YTOqObtR1wakjDoNpCD9I0=
github.com/hashicorp/nomad/api v0.0.0-20230928210230-a4b29a29cb98/go.mod h1:glQSmiY2VCQDT0MBiWKr5YDU9PpwVNOcrovlDczoKoI=
github.com/hashicorp/nomad/api v0.0.0-20230929201520-7267be719faf h1:aLO8XlaLSAcC1P68e4xOKzdeAgYTqdJFxXGL81sEigo=
github.com/hashicorp/nomad/api v0.0.0-20230929201520-7267be719faf/go.mod h1:glQSmiY2VCQDT0MBiWKr5YDU9PpwVNOcrovlDczoKoI=
github.com/hashicorp/nomad/api v0.0.0-20231002174902-3d624388765f h1:8PjWyYMqO9xLuYctvFeBvohptBbbDM88I+utzWwknCQ=
github.com/hashicorp/nomad/api v0.0.0-20231002174902-3d624388765f/go.mod h1:glQSmiY2VCQDT0MBiWKr5YDU9PpwVNOcrovlDczoKoI=
github.com/hashicorp/nomad/api v0.0.0-20231003170320-e7136f80c5c1 h1:vySA+C9NvoQRFZD+jvKcJDHeivfSh3ZF0aBZvkZCBZ8=
github.com/hashicorp/nomad/api v0.0.0-20231003170320-e7136f80c5c1/go.mod h1:glQSmiY2VCQDT0MBiWKr5YDU9PpwVNOcrovlDczoKoI=
github.com/hashicorp/nomad/api v0.0.0-20231004123518-fb7582d596a1 h1:50mQZ1WSj/QxeUdrx1kFFiI/wof6uKRHuhZy1M0GsL0=
github.com/hashicorp/nomad/api v0.0.0-20231004123518-fb7582d596a1/go.mod h1:glQSmiY2VCQDT0MBiWKr5YDU9PpwVNOcrovlDczoKoI=
github.com/hashicorp/nomad/api v0.0.0-20231004125855-aa9ff3a5b306 h1:9X7PJCTYXYLIL0RiI7/2UKyLNXpPyTjeB2dl3bQlp1A=
github.com/hashicorp/nomad/api v0.0.0-20231004125855-aa9ff3a5b306/go.mod h1:glQSmiY2VCQDT0MBiWKr5YDU9PpwVNOcrovlDczoKoI=
github.com/hashicorp/nomad/api v0.0.0-20231005165617-e3c8700ded89 h1:BHQkCisIVboODzLBMpYHCHKPVmoW92KJA2AFvh5q2mw=
github.com/hashicorp/nomad/api v0.0.0-20231005165617-e3c8700ded89/go.mod h1:glQSmiY2VCQDT0MBiWKr5YDU9PpwVNOcrovlDczoKoI=
github.com/hashicorp/nomad/api v0.0.0-20231006165742-c6ce966d9811 h1:vOnFThkJuBCuuP9ArSy8mlDHTG+eyUFJqzDySWU8E8Y=
github.com/hashicorp/nomad/api v0.0.0-20231006165742-c6ce966d9811/go.mod h1:glQSmiY2VCQDT0MBiWKr5YDU9PpwVNOcrovlDczoKoI=
github.com/hashicorp/nomad/api v0.0.0-20231011100716-e22c5b82f330 h1:8W2ayxYNBq5C1wgZrRA+IpBqHbt6CGHD0LOCxuc3/KE=
github.com/hashicorp/nomad/api v0.0.0-20231011100716-e22c5b82f330/go.mod h1:glQSmiY2VCQDT0MBiWKr5YDU9PpwVNOcrovlDczoKoI=
github.com/hashicorp/nomad/api v0.0.0-20231012065859-cecd9b04729e h1:piPTrAS9CaZcnYIYGIA6ZzDxBp9RPvZFMRXeLT9R2Sw=
github.com/hashicorp/nomad/api v0.0.0-20231012065859-cecd9b04729e/go.mod h1:glQSmiY2VCQDT0MBiWKr5YDU9PpwVNOcrovlDczoKoI=
github.com/hashicorp/nomad/api v0.0.0-20231012204311-484f91b893c6 h1:rMwKBYj3rtIuVoFzFbE9s3/cEDqUOzK3AaQLr27tXik=
github.com/hashicorp/nomad/api v0.0.0-20231012204311-484f91b893c6/go.mod h1:glQSmiY2VCQDT0MBiWKr5YDU9PpwVNOcrovlDczoKoI=
github.com/hashicorp/nomad/api v0.0.0-20231013131504-b697de9dda24 h1:nQtbE7i742bEvXn/K3V6CCO1MtgSPrjQ7hF888qdDt8=
github.com/hashicorp/nomad/api v0.0.0-20231013131504-b697de9dda24/go.mod h1:glQSmiY2VCQDT0MBiWKr5YDU9PpwVNOcrovlDczoKoI=
github.com/hashicorp/nomad/api v0.0.0-20231019205038-f5c5035fde01 h1:27ZKIB48XXCKiur2BGeoKh6nPySj6KkGP2czq9VgB6M=
github.com/hashicorp/nomad/api v0.0.0-20231019205038-f5c5035fde01/go.mod h1:glQSmiY2VCQDT0MBiWKr5YDU9PpwVNOcrovlDczoKoI=
github.com/hashicorp/nomad/api v0.0.0-20231021001141-a806363f6d5e h1:c9hOrJ4HqhAPeNiWmxLCTAsAREfwZ6w/AXQTgp6vWi4=
github.com/hashicorp/nomad/api v0.0.0-20231021001141-a806363f6d5e/go.mod h1:glQSmiY2VCQDT0MBiWKr5YDU9PpwVNOcrovlDczoKoI=
github.com/hashicorp/nomad/api v0.0.0-20231024000055-70b1862026cf h1:uhUXaHGTJXNX/sKUxa1OJo7bFz+5oh6C+lflRJnlKFs=
github.com/hashicorp/nomad/api v0.0.0-20231024000055-70b1862026cf/go.mod h1:glQSmiY2VCQDT0MBiWKr5YDU9PpwVNOcrovlDczoKoI=
github.com/hashicorp/nomad/api v0.0.0-20231024064002-b55dcb39672e h1:uQuWMaa0Pohb8LqT2rd1MSlnMW+yAkrFWQMiuiZHMwc=
github.com/hashicorp/nomad/api v0.0.0-20231024064002-b55dcb39672e/go.mod h1:glQSmiY2VCQDT0MBiWKr5YDU9PpwVNOcrovlDczoKoI=
github.com/hashicorp/nomad/api v0.0.0-20231026182110-23665a56850f h1:3Ovk8EQCS/1jH2qTCElHzcskM4/sqvUCnPPqQbl1SmI=
github.com/hashicorp/nomad/api v0.0.0-20231026182110-23665a56850f/go.mod h1:glQSmiY2VCQDT0MBiWKr5YDU9PpwVNOcrovlDczoKoI=
github.com/hashicorp/nomad/api v0.0.0-20231027170344-347389f9f96b h1:CpcWE46eik42IZjoRcAXKwe5l032Gl4gXmC2vnxiTaE=
github.com/hashicorp/nomad/api v0.0.0-20231027170344-347389f9f96b/go.mod h1:glQSmiY2VCQDT0MBiWKr5YDU9PpwVNOcrovlDczoKoI=
github.com/hashicorp/nomad/api v0.0.0-20231102205237-1604dba508b2 h1:1omjFjEAEsCANiMrvTer2VEzB5BwTqeVFSFzLV999Wc=
github.com/hashicorp/nomad/api v0.0.0-20231102205237-1604dba508b2/go.mod h1:glQSmiY2VCQDT0MBiWKr5YDU9PpwVNOcrovlDczoKoI=
github.com/hashicorp/nomad/api v0.0.0-20231103072254-5f98e6473ccf h1:e3RbUpkqCTWKHSSiStzzKnTIf43T/relHyCSBTiuNIc=
github.com/hashicorp/nomad/api v0.0.0-20231103072254-5f98e6473ccf/go.mod h1:glQSmiY2VCQDT0MBiWKr5YDU9PpwVNOcrovlDczoKoI=
github.com/hashicorp/nomad/api v0.0.0-20231103143137-9f995e76a482 h1:Cgh4DFe9qNFu/OpCK8v3cpQUf2zmaPhdZYUiwqnnIxA=
github.com/hashicorp/nomad/api v0.0.0-20231103143137-9f995e76a482/go.mod h1:glQSmiY2VCQDT0MBiWKr5YDU9PpwVNOcrovlDczoKoI=
github.com/hashicorp/nomad/api v0.0.0-20231103194305-b62c5c51d251 h1:1vukQFkNvnA/WSA+trqK3NnnrB3N3MeymBC3NzumwWE=
github.com/hashicorp/nomad/api v0.0.0-20231103194305-b62c5c51d251/go.mod h1:glQSmiY2VCQDT0MBiWKr5YDU9PpwVNOcrovlDczoKoI=
github.com/hashicorp/nomad/api v0.0.0-20231106152620-1ef99f05364b h1:2ap45A0EdSUOXmbwyMvu9sLRFCHbK3ia2R/B0N3vE2Q=
github.com/hashicorp/nomad/api v0.0.0-20231106152620-1ef99f05364b/go.mod h1:glQSmiY2VCQDT0MBiWKr5YDU9PpwVNOcrovlDczoKoI=
github.com/hashicorp/serf v0.10.1 h1:Z1H2J60yRKvfDYAOZLd2MU0ND4AH/WDz7xYHDWQsIPY=
github.com/mattn/go-colorable v0.1.13 h1:fFA4WZxdEF4tXPZVKMLwD8oUnCTTo08duU7wxecdEvA=
github.com/mattn/go-isatty v0.0.16 h1:bq3VjFmv/sOjHtdEhmkEV4x1AJtvUvOJ2PFAZ5+peKQ=
github.com/mitchellh/go-homedir v1.1.0 h1:lukF9ziXFxDFPkA1vsr5zpc1XuPDn/wFntq5mG+4E0Y=
github.com/mitchellh/go-homedir v1.1.0/go.mod h1:SfyaCUpYCn1Vlf4IUYiD9fPX4A5wJrkLzIz1N1q0pr0=
github.com/mitchellh/go-testing-interface v1.14.2-0.20210821155943-2d9075ca8770 h1:drhDO54gdT/a15GBcMRmunZiNcLgPiFIJa23KzmcvcU=
github.com/mitchellh/mapstructure v1.5.0 h1:jeMsZIYE/09sWLaz43PL7Gy6RuMjD2eJVyuac5Z2hdY=
github.com/mitchellh/mapstructure v1.5.0/go.mod h1:bFUtVrKA4DC2yAKiSyO/QUcy7e+RRV2QTWOzhPopBRo=
github.com/pmezard/go-difflib v1.0.0 h1:4DBwDE0NGyQoBHbLQYPwSUPoCMWR5BEzIk/f1lZbAQM=
github.com/shoenig/test v0.6.6 h1:Oe8TPH9wAbv++YPNDKJWUnI8Q4PPWCx3UbOfH+FxiMU=
github.com/stretchr/testify v1.8.2 h1:+h33VjcLVPDHtOdpUCuF+7gSuG3yGIftsP1YvFihtJ8=
golang.org/x/exp v0.0.0-20230108222341-4b8118a2686a h1:tlXy25amD5A7gOfbXdqCGN5k8ESEed/Ee1E5RcrYnqU=
golang.org/x/exp v0.0.0-20230108222341-4b8118a2686a/go.mod h1:CxIveKay+FTh1D0yPZemJVgC/95VzuuOLq5Qi4xnoYc=
golang.org/x/exp v0.0.0-20230321023759-10a507213a29 h1:ooxPy7fPvB4kwsA2h+iBNHkAbp/4JxTSwCmvdjEYmug=
golang.org/x/exp v0.0.0-20230321023759-10a507213a29/go.mod h1:CxIveKay+FTh1D0yPZemJVgC/95VzuuOLq5Qi4xnoYc=
golang.org/x/exp v0.0.0-20230728194245-b0cb94b80691 h1:/yRP+0AN7mf5DkD3BAI6TOFnd51gEoDEb8o35jIFtgw=
golang.org/x/exp v0.0.0-20230728194245-b0cb94b80691/go.mod h1:FXUEEKJgO7OQYeo8N01OfiKP8RXMtf6e8aTskBGqWdc=
golang.org/x/sys v0.5.0 h1:MUK/U/4lj1t1oPg0HfuXDN/Z1wv31ZJ/YcPiGccS4DU=
gopkg.in/yaml.v3 v3.0.1 h1:fxVm/GzAzEWqLHuvctI91KS9hhNmmWOoWu0XTYJS7CA=
